
Microsoft Visual Studio Solution File, Format Version 12.00
# Visual Studio Version 16
VisualStudioVersion = 16.0.33214.272
MinimumVisualStudioVersion = 10.0.40219.1
Project("{FAE04EC0-301F-11D3-BF4B-00C04F79EFBC}") = "RevitAPIColumnsCount", "RevitAPIColumnsCount\RevitAPIColumnsCount.csproj", "{EC75D114-14EC-4ED9-BEF1-B2CDD5D8644F}"
EndProject
Global
	GlobalSection(SolutionConfigurationPlatforms) = preSolution
		Debug|Any CPU = Debug|Any CPU
		Release|Any CPU = Release|Any CPU
	EndGlobalSection
	GlobalSection(ProjectConfigurationPlatforms) = postSolution
		{EC75D114-14EC-4ED9-BEF1-B2CDD5D8644F}.Debug|Any CPU.ActiveCfg = Debug|Any CPU
		{EC75D114-14EC-4ED9-BEF1-B2CDD5D8644F}.Debug|Any CPU.Build.0 = Debug|Any CPU
		{EC75D114-14EC-4ED9-BEF1-B2CDD5D8644F}.Release|Any CPU.ActiveCfg = Release|Any CPU
		{EC75D114-14EC-4ED9-BEF1-B2CDD5D8644F}.Release|Any CPU.Build.0 = Release|Any CPU
	EndGlobalSection
	GlobalSection(SolutionProperties) = preSolution
		HideSolutionNode = FALSE
	EndGlobalSection
	GlobalSection(ExtensibilityGlobals) = postSolution
		SolutionGuid = {23249FBC-5624-4FF5-9C7F-B97F59989BD3}
	EndGlobalSection
EndGlobal
